
Microsoft Visual Studio Solution File, Format Version 12.00
# Visual Studio Version 17
VisualStudioVersion = 17.2.32630.192
MinimumVisualStudioVersion = 10.0.40219.1
Project("{9A19103F-16F7-4668-BE54-9A1E7A4F7556}") = "PrimeNumber.Client", "PrimeNumber.Client\PrimeNumber.Client.csproj", "{9364A5AA-6C28-4D21-8688-3A13D187389D}"
EndProject
Project("{888888A0-9F3D-457C-B088-3A5042F75D52}") = "PrimeNumber.Server", "PrimeNumber.Server\PrimeNumber.Server.pyproj", "{B475AF23-8BFE-407F-B6AC-0304339F3A01}"
EndProject
Global
	GlobalSection(SolutionConfigurationPlatforms) = preSolution
		Debug|Any CPU = Debug|Any CPU
		Release|Any CPU = Release|Any CPU
	EndGlobalSection
	GlobalSection(ProjectConfigurationPlatforms) = postSolution
		{9364A5AA-6C28-4D21-8688-3A13D187389D}.Debug|Any CPU.ActiveCfg = Debug|Any CPU
		{9364A5AA-6C28-4D21-8688-3A13D187389D}.Debug|Any CPU.Build.0 = Debug|Any CPU
		{9364A5AA-6C28-4D21-8688-3A13D187389D}.Release|Any CPU.ActiveCfg = Release|Any CPU
		{9364A5AA-6C28-4D21-8688-3A13D187389D}.Release|Any CPU.Build.0 = Release|Any CPU
		{B475AF23-8BFE-407F-B6AC-0304339F3A01}.Debug|Any CPU.ActiveCfg = Debug|Any CPU
		{B475AF23-8BFE-407F-B6AC-0304339F3A01}.Release|Any CPU.ActiveCfg = Release|Any CPU
	EndGlobalSection
	GlobalSection(SolutionProperties) = preSolution
		HideSolutionNode = FALSE
	EndGlobalSection
	GlobalSection(ExtensibilityGlobals) = postSolution
		SolutionGuid = {87C18567-EF28-4418-BA54-74022E29C09D}
	EndGlobalSection
EndGlobal
